
Microsoft Visual Studio Solution File, Format Version 12.00
# Visual Studio Version 16
VisualStudioVersion = 16.0.30523.141
MinimumVisualStudioVersion = 10.0.40219.1
Project("{9A19103F-16F7-4668-BE54-9A1E7A4F7556}") = "SPS.SignalrClient", "SPS.SignalrClient\SPS.SignalrClient.csproj", "{B775AD24-6C3C-4E61-9CA1-927BBA5FEFFF}"
EndProject
Project("{9A19103F-16F7-4668-BE54-9A1E7A4F7556}") = "SPS.Signalr.WpfClient", "SPS.Signalr.WpfClient\SPS.Signalr.WpfClient.csproj", "{142C59A4-99E2-4995-B515-F10156482A53}"
EndProject
Project("{9A19103F-16F7-4668-BE54-9A1E7A4F7556}") = "SPS.Common", "SPS.Common\SPS.Common.csproj", "{F19D475F-966F-4E63-AB1C-3D1445A42E16}"
EndProject
Project("{FAE04EC0-301F-11D3-BF4B-00C04F79EFBC}") = "SPS.Signalr.WebMvcClient", "SPS.Signalr.WebMvcClient\SPS.Signalr.WebMvcClient.csproj", "{31189D70-5BC8-463F-A3C2-E65EC45124C7}"
EndProject
Project("{E53339B2-1760-4266-BCC7-CA923CBCF16C}") = "docker-compose", "docker-compose.dcproj", "{D884BC0C-C859-43FC-9227-9D68390A2BB7}"
EndProject
Global
	GlobalSection(SolutionConfigurationPlatforms) = preSolution
		Debug|Any CPU = Debug|Any CPU
		Release|Any CPU = Release|Any CPU
	EndGlobalSection
	GlobalSection(ProjectConfigurationPlatforms) = postSolution
		{B775AD24-6C3C-4E61-9CA1-927BBA5FEFFF}.Debug|Any CPU.ActiveCfg = Debug|Any CPU
		{B775AD24-6C3C-4E61-9CA1-927BBA5FEFFF}.Debug|Any CPU.Build.0 = Debug|Any CPU
		{B775AD24-6C3C-4E61-9CA1-927BBA5FEFFF}.Release|Any CPU.ActiveCfg = Release|Any CPU
		{B775AD24-6C3C-4E61-9CA1-927BBA5FEFFF}.Release|Any CPU.Build.0 = Release|Any CPU
		{142C59A4-99E2-4995-B515-F10156482A53}.Debug|Any CPU.ActiveCfg = Debug|Any CPU
		{142C59A4-99E2-4995-B515-F10156482A53}.Debug|Any CPU.Build.0 = Debug|Any CPU
		{142C59A4-99E2-4995-B515-F10156482A53}.Release|Any CPU.ActiveCfg = Release|Any CPU
		{142C59A4-99E2-4995-B515-F10156482A53}.Release|Any CPU.Build.0 = Release|Any CPU
		{F19D475F-966F-4E63-AB1C-3D1445A42E16}.Debug|Any CPU.ActiveCfg = Debug|Any CPU
		{F19D475F-966F-4E63-AB1C-3D1445A42E16}.Debug|Any CPU.Build.0 = Debug|Any CPU
		{F19D475F-966F-4E63-AB1C-3D1445A42E16}.Release|Any CPU.ActiveCfg = Release|Any CPU
		{F19D475F-966F-4E63-AB1C-3D1445A42E16}.Release|Any CPU.Build.0 = Release|Any CPU
		{31189D70-5BC8-463F-A3C2-E65EC45124C7}.Debug|Any CPU.ActiveCfg = Debug|Any CPU
		{31189D70-5BC8-463F-A3C2-E65EC45124C7}.Debug|Any CPU.Build.0 = Debug|Any CPU
		{31189D70-5BC8-463F-A3C2-E65EC45124C7}.Release|Any CPU.ActiveCfg = Release|Any CPU
		{31189D70-5BC8-463F-A3C2-E65EC45124C7}.Release|Any CPU.Build.0 = Release|Any CPU
		{D884BC0C-C859-43FC-9227-9D68390A2BB7}.Debug|Any CPU.ActiveCfg = Debug|Any CPU
		{D884BC0C-C859-43FC-9227-9D68390A2BB7}.Debug|Any CPU.Build.0 = Debug|Any CPU
		{D884BC0C-C859-43FC-9227-9D68390A2BB7}.Release|Any CPU.ActiveCfg = Release|Any CPU
		{D884BC0C-C859-43FC-9227-9D68390A2BB7}.Release|Any CPU.Build.0 = Release|Any CPU
	EndGlobalSection
	GlobalSection(SolutionProperties) = preSolution
		HideSolutionNode = FALSE
	EndGlobalSection
	GlobalSection(ExtensibilityGlobals) = postSolution
		SolutionGuid = {AC5D5C37-B2FB-4977-B609-64CBDE722C27}
	EndGlobalSection
EndGlobal
